
Microsoft Visual Studio Solution File, Format Version 12.00
# Visual Studio Version 17
VisualStudioVersion = 17.14.36202.13 d17.14
MinimumVisualStudioVersion = 10.0.40219.1
Project("{FAE04EC0-301F-11D3-BF4B-00C04F79EFBC}") = "final_project", "final_project\final_project.csproj", "{D2857B5D-6D70-4F59-8B86-71870D66FA5C}"
EndProject
Global
	GlobalSection(SolutionConfigurationPlatforms) = preSolution
		Debug|Any CPU = Debug|Any CPU
		Release|Any CPU = Release|Any CPU
	EndGlobalSection
	GlobalSection(ProjectConfigurationPlatforms) = postSolution
		{D2857B5D-6D70-4F59-8B86-71870D66FA5C}.Debug|Any CPU.ActiveCfg = Debug|Any CPU
		{D2857B5D-6D70-4F59-8B86-71870D66FA5C}.Debug|Any CPU.Build.0 = Debug|Any CPU
		{D2857B5D-6D70-4F59-8B86-71870D66FA5C}.Release|Any CPU.ActiveCfg = Release|Any CPU
		{D2857B5D-6D70-4F59-8B86-71870D66FA5C}.Release|Any CPU.Build.0 = Release|Any CPU
	EndGlobalSection
	GlobalSection(SolutionProperties) = preSolution
		HideSolutionNode = FALSE
	EndGlobalSection
	GlobalSection(ExtensibilityGlobals) = postSolution
		SolutionGuid = {12C73ADF-CD1C-4B9D-9520-DBA1FC2CC83E}
	EndGlobalSection
EndGlobal
